// !$*UTF8*$!
{
	archiveVersion = 1;
	classes = {
	};
	objectVersion = 56;
	objects = {

/* Begin PBXBuildFile section */
		C9A097DF2C09702700CB6713 /* LoadingBlurDemoApp.swift in Sources */ = {isa = PBXBuildFile; fileRef = C9A097DE2C09702700CB6713 /* LoadingBlurDemoApp.swift */; };
		C9A097E32C09702700CB6713 /* ContentView.swift in Sources */ = {isa = PBXBuildFile; fileRef = C9A097E22C09702700CB6713 /* ContentView.swift */; };
		C9A097E52C09702800CB6713 /* Assets.xcassets in Resources */ = {isa = PBXBuildFile; fileRef = C9A097E42C09702800CB6713 /* Assets.xcassets */; };
		C9A097EA2C09702800CB6713 /* Preview Assets.xcassets in Resources */ = {isa = PBXBuildFile; fileRef = C9A097E92C09702800CB6713 /* Preview Assets.xcassets */; };
		C9A097F42C09702800CB6713 /* LoadingBlurDemoTests.swift in Sources */ = {isa = PBXBuildFile; fileRef = C9A097F32C09702800CB6713 /* LoadingBlurDemoTests.swift */; };
		C9A097FE2C09702800CB6713 /* LoadingBlurDemoUITests.swift in Sources */ = {isa = PBXBuildFile; fileRef = C9A097FD2C09702800CB6713 /* LoadingBlurDemoUITests.swift */; };
		C9A098002C09702800CB6713 /* LoadingBlurDemoUITestsLaunchTests.swift in Sources */ = {isa = PBXBuildFile; fileRef = C9A097FF2C09702800CB6713 /* LoadingBlurDemoUITestsLaunchTests.swift */; };
/* End PBXBuildFile section */

/* Begin PBXContainerItemProxy section */
		C9A097F02C09702800CB6713 /* PBXContainerItemProxy */ = {
			isa = PBXContainerItemProxy;
			containerPortal = C9A097D32C09702700CB6713 /* Project object */;
			proxyType = 1;
			remoteGlobalIDString = C9A097DA2C09702700CB6713;
			remoteInfo = LoadingBlurDemo;
		};
		C9A097FA2C09702800CB6713 /* PBXContainerItemProxy */ = {
			isa = PBXContainerItemProxy;
			containerPortal = C9A097D32C09702700CB6713 /* Project object */;
			proxyType = 1;
			remoteGlobalIDString = C9A097DA2C09702700CB6713;
			remoteInfo = LoadingBlurDemo;
		};
/* End PBXContainerItemProxy section */

/* Begin PBXFileReference section */
		C9A097DB2C09702700CB6713 /* LoadingBlurDemo.app */ = {isa = PBXFileReference; explicitFileType = wrapper.application; includeInIndex = 0; path = LoadingBlurDemo.app; sourceTree = BUILT_PRODUCTS_DIR; };
		C9A097DE2C09702700CB6713 /* LoadingBlurDemoApp.swift */ = {isa = PBXFileReference; lastKnownFileType = sourcecode.swift; path = LoadingBlurDemoApp.swift; sourceTree = "<group>"; };
		C9A097E22C09702700CB6713 /* ContentView.swift */ = {isa = PBXFileReference; lastKnownFileType = sourcecode.swift; path = ContentView.swift; sourceTree = "<group>"; };
		C9A097E42C09702800CB6713 /* Assets.xcassets */ = {isa = PBXFileReference; lastKnownFileType = folder.assetcatalog; path = Assets.xcassets; sourceTree = "<group>"; };
		C9A097E62C09702800CB6713 /* Info.plist */ = {isa = PBXFileReference; lastKnownFileType = text.plist.xml; path = Info.plist; sourceTree = "<group>"; };
		C9A097E72C09702800CB6713 /* LoadingBlurDemo.entitlements */ = {isa = PBXFileReference; lastKnownFileType = text.plist.entitlements; path = LoadingBlurDemo.entitlements; sourceTree = "<group>"; };
		C9A097E92C09702800CB6713 /* Preview Assets.xcassets */ = {isa = PBXFileReference; lastKnownFileType = folder.assetcatalog; path = "Preview Assets.xcassets"; sourceTree = "<group>"; };
		C9A097EF2C09702800CB6713 /* LoadingBlurDemoTests.xctest */ = {isa = PBXFileReference; explicitFileType = wrapper.cfbundle; includeInIndex = 0; path = LoadingBlurDemoTests.xctest; sourceTree = BUILT_PRODUCTS_DIR; };
		C9A097F32C09702800CB6713 /* LoadingBlurDemoTests.swift */ = {isa = PBXFileReference; lastKnownFileType = sourcecode.swift; path = LoadingBlurDemoTests.swift; sourceTree = "<group>"; };
		C9A097F92C09702800CB6713 /* LoadingBlurDemoUITests.xctest */ = {isa = PBXFileReference; explicitFileType = wrapper.cfbundle; includeInIndex = 0; path = LoadingBlurDemoUITests.xctest; sourceTree = BUILT_PRODUCTS_DIR; };
		C9A097FD2C09702800CB6713 /* LoadingBlurDemoUITests.swift */ = {isa = PBXFileReference; lastKnownFileType = sourcecode.swift; path = LoadingBlurDemoUITests.swift; sourceTree = "<group>"; };
		C9A097FF2C09702800CB6713 /* LoadingBlurDemoUITestsLaunchTests.swift */ = {isa = PBXFileReference; lastKnownFileType = sourcecode.swift; path = LoadingBlurDemoUITestsLaunchTests.swift; sourceTree = "<group>"; };
/* End PBXFileReference section */

/* Begin PBXFrameworksBuildPhase section */
		C9A097D82C09702700CB6713 /* Frameworks */ = {
			isa = PBXFrameworksBuildPhase;
			buildActionMask = 2147483647;
			files = (
			);
			runOnlyForDeploymentPostprocessing = 0;
		};
		C9A097EC2C09702800CB6713 /* Frameworks */ = {
			isa = PBXFrameworksBuildPhase;
			buildActionMask = 2147483647;
			files = (
			);
			runOnlyForDeploymentPostprocessing = 0;
		};
		C9A097F62C09702800CB6713 /* Frameworks */ = {
			isa = PBXFrameworksBuildPhase;
			buildActionMask = 2147483647;
			files = (
			);
			runOnlyForDeploymentPostprocessing = 0;
		};
/* End PBXFrameworksBuildPhase section */

/* Begin PBXGroup section */
		C9A097D22C09702700CB6713 = {
			isa = PBXGroup;
			children = (
				C9A097DD2C09702700CB6713 /* LoadingBlurDemo */,
				C9A097F22C09702800CB6713 /* LoadingBlurDemoTests */,
				C9A097FC2C09702800CB6713 /* LoadingBlurDemoUITests */,
				C9A097DC2C09702700CB6713 /* Products */,
			);
			sourceTree = "<group>";
		};
		C9A097DC2C09702700CB6713 /* Products */ = {
			isa = PBXGroup;
			children = (
				C9A097DB2C09702700CB6713 /* LoadingBlurDemo.app */,
				C9A097EF2C09702800CB6713 /* LoadingBlurDemoTests.xctest */,
				C9A097F92C09702800CB6713 /* LoadingBlurDemoUITests.xctest */,
			);
			name = Products;
			sourceTree = "<group>";
		};
		C9A097DD2C09702700CB6713 /* LoadingBlurDemo */ = {
			isa = PBXGroup;
			children = (
				C9A097DE2C09702700CB6713 /* LoadingBlurDemoApp.swift */,
				C9A097E22C09702700CB6713 /* ContentView.swift */,
				C9A097E42C09702800CB6713 /* Assets.xcassets */,
				C9A097E62C09702800CB6713 /* Info.plist */,
				C9A097E72C09702800CB6713 /* LoadingBlurDemo.entitlements */,
				C9A097E82C09702800CB6713 /* Preview Content */,
			);
			path = LoadingBlurDemo;
			sourceTree = "<group>";
		};
		C9A097E82C09702800CB6713 /* Preview Content */ = {
			isa = PBXGroup;
			children = (
				C9A097E92C09702800CB6713 /* Preview Assets.xcassets */,
			);
			path = "Preview Content";
			sourceTree = "<group>";
		};
		C9A097F22C09702800CB6713 /* LoadingBlurDemoTests */ = {
			isa = PBXGroup;
			children = (
				C9A097F32C09702800CB6713 /* LoadingBlurDemoTests.swift */,
			);
			path = LoadingBlurDemoTests;
			sourceTree = "<group>";
		};
		C9A097FC2C09702800CB6713 /* LoadingBlurDemoUITests */ = {
			isa = PBXGroup;
			children = (
				C9A097FD2C09702800CB6713 /* LoadingBlurDemoUITests.swift */,
				C9A097FF2C09702800CB6713 /* LoadingBlurDemoUITestsLaunchTests.swift */,
			);
			path = LoadingBlurDemoUITests;
			sourceTree = "<group>";
		};
/* End PBXGroup section */

/* Begin PBXNativeTarget section */
		C9A097DA2C09702700CB6713 /* LoadingBlurDemo */ = {
			isa = PBXNativeTarget;
			buildConfigurationList = C9A098032C09702800CB6713 /* Build configuration list for PBXNativeTarget "LoadingBlurDemo" */;
			buildPhases = (
				C9A097D72C09702700CB6713 /* Sources */,
				C9A097D82C09702700CB6713 /* Frameworks */,
				C9A097D92C09702700CB6713 /* Resources */,
			);
			buildRules = (
			);
			dependencies = (
			);
			name = LoadingBlurDemo;
			productName = LoadingBlurDemo;
			productReference = C9A097DB2C09702700CB6713 /* LoadingBlurDemo.app */;
			productType = "com.apple.product-type.application";
		};
		C9A097EE2C09702800CB6713 /* LoadingBlurDemoTests */ = {
			isa = PBXNativeTarget;
			buildConfigurationList = C9A098062C09702800CB6713 /* Build configuration list for PBXNativeTarget "LoadingBlurDemoTests" */;
			buildPhases = (
				C9A097EB2C09702800CB6713 /* Sources */,
				C9A097EC2C09702800CB6713 /* Frameworks */,
				C9A097ED2C09702800CB6713 /* Resources */,
			);
			buildRules = (
			);
			dependencies = (
				C9A097F12C09702800CB6713 /* PBXTargetDependency */,
			);
			name = LoadingBlurDemoTests;
			productName = LoadingBlurDemoTests;
			productReference = C9A097EF2C09702800CB6713 /* LoadingBlurDemoTests.xctest */;
			productType = "com.apple.product-type.bundle.unit-test";
		};
		C9A097F82C09702800CB6713 /* LoadingBlurDemoUITests */ = {
			isa = PBXNativeTarget;
			buildConfigurationList = C9A098092C09702800CB6713 /* Build configuration list for PBXNativeTarget "LoadingBlurDemoUITests" */;
			buildPhases = (
				C9A097F52C09702800CB6713 /* Sources */,
				C9A097F62C09702800CB6713 /* Frameworks */,
				C9A097F72C09702800CB6713 /* Resources */,
			);
			buildRules = (
			);
			dependencies = (
				C9A097FB2C09702800CB6713 /* PBXTargetDependency */,
			);
			name = LoadingBlurDemoUITests;
			productName = LoadingBlurDemoUITests;
			productReference = C9A097F92C09702800CB6713 /* LoadingBlurDemoUITests.xctest */;
			productType = "com.apple.product-type.bundle.ui-testing";
		};
/* End PBXNativeTarget section */

/* Begin PBXProject section */
		C9A097D32C09702700CB6713 /* Project object */ = {
			isa = PBXProject;
			attributes = {
				BuildIndependentTargetsInParallel = 1;
				LastSwiftUpdateCheck = 1540;
				LastUpgradeCheck = 1540;
				TargetAttributes = {
					C9A097DA2C09702700CB6713 = {
						CreatedOnToolsVersion = 15.4;
					};
					C9A097EE2C09702800CB6713 = {
						CreatedOnToolsVersion = 15.4;
						TestTargetID = C9A097DA2C09702700CB6713;
					};
					C9A097F82C09702800CB6713 = {
						CreatedOnToolsVersion = 15.4;
						TestTargetID = C9A097DA2C09702700CB6713;
					};
				};
			};
			buildConfigurationList = C9A097D62C09702700CB6713 /* Build configuration list for PBXProject "LoadingBlurDemo" */;
			compatibilityVersion = "Xcode 14.0";
			developmentRegion = en;
			hasScannedForEncodings = 0;
			knownRegions = (
				en,
				Base,
			);
			mainGroup = C9A097D22C09702700CB6713;
			productRefGroup = C9A097DC2C09702700CB6713 /* Products */;
			projectDirPath = "";
			projectRoot = "";
			targets = (
				C9A097DA2C09702700CB6713 /* LoadingBlurDemo */,
				C9A097EE2C09702800CB6713 /* LoadingBlurDemoTests */,
				C9A097F82C09702800CB6713 /* LoadingBlurDemoUITests */,
			);
		};
/* End PBXProject section */

/* Begin PBXResourcesBuildPhase section */
		C9A097D92C09702700CB6713 /* Resources */ = {
			isa = PBXResourcesBuildPhase;
			buildActionMask = 2147483647;
			files = (
				C9A097EA2C09702800CB6713 /* Preview Assets.xcassets in Resources */,
				C9A097E52C09702800CB6713 /* Assets.xcassets in Resources */,
			);
			runOnlyForDeploymentPostprocessing = 0;
		};
		C9A097ED2C09702800CB6713 /* Resources */ = {
			isa = PBXResourcesBuildPhase;
			buildActionMask = 2147483647;
			files = (
			);
			runOnlyForDeploymentPostprocessing = 0;
		};
		C9A097F72C09702800CB6713 /* Resources */ = {
			isa = PBXResourcesBuildPhase;
			buildActionMask = 2147483647;
			files = (
			);
			runOnlyForDeploymentPostprocessing = 0;
		};
/* End PBXResourcesBuildPhase section */

/* Begin PBXSourcesBuildPhase section */
		C9A097D72C09702700CB6713 /* Sources */ = {
			isa = PBXSourcesBuildPhase;
			buildActionMask = 2147483647;
			files = (
				C9A097DF2C09702700CB6713 /* LoadingBlurDemoApp.swift in Sources */,
				C9A097E32C09702700CB6713 /* ContentView.swift in Sources */,
			);
			runOnlyForDeploymentPostprocessing = 0;
		};
		C9A097EB2C09702800CB6713 /* Sources */ = {
			isa = PBXSourcesBuildPhase;
			buildActionMask = 2147483647;
			files = (
				C9A097F42C09702800CB6713 /* LoadingBlurDemoTests.swift in Sources */,
			);
			runOnlyForDeploymentPostprocessing = 0;
		};
		C9A097F52C09702800CB6713 /* Sources */ = {
			isa = PBXSourcesBuildPhase;
			buildActionMask = 2147483647;
			files = (
				C9A097FE2C09702800CB6713 /* LoadingBlurDemoUITests.swift in Sources */,
				C9A098002C09702800CB6713 /* LoadingBlurDemoUITestsLaunchTests.swift in Sources */,
			);
			runOnlyForDeploymentPostprocessing = 0;
		};
/* End PBXSourcesBuildPhase section */

/* Begin PBXTargetDependency section */
		C9A097F12C09702800CB6713 /* PBXTargetDependency */ = {
			isa = PBXTargetDependency;
			target = C9A097DA2C09702700CB6713 /* LoadingBlurDemo */;
			targetProxy = C9A097F02C09702800CB6713 /* PBXContainerItemProxy */;
		};
		C9A097FB2C09702800CB6713 /* PBXTargetDependency */ = {
			isa = PBXTargetDependency;
			target = C9A097DA2C09702700CB6713 /* LoadingBlurDemo */;
			targetProxy = C9A097FA2C09702800CB6713 /* PBXContainerItemProxy */;
		};
/* End PBXTargetDependency section */

/* Begin XCBuildConfiguration section */
		C9A098012C09702800CB6713 /* Debug */ = {
			isa = XCBuildConfiguration;
			buildSettings = {
				ALWAYS_SEARCH_USER_PATHS = NO;
				ASSETCATALOG_COMPILER_GENERATE_SWIFT_ASSET_SYMBOL_EXTENSIONS = YES;
				CLANG_ANALYZER_NONNULL = YES;
				CLANG_ANALYZER_NUMBER_OBJECT_CONVERSION = YES_AGGRESSIVE;
				CLANG_CXX_LANGUAGE_STANDARD = "gnu++20";
				CLANG_ENABLE_MODULES = YES;
				CLANG_ENABLE_OBJC_ARC = YES;
				CLANG_ENABLE_OBJC_WEAK = YES;
				CLANG_WARN_BLOCK_CAPTURE_AUTORELEASING = YES;
				CLANG_WARN_BOOL_CONVERSION = YES;
				CLANG_WARN_COMMA = YES;
				CLANG_WARN_CONSTANT_CONVERSION = YES;
				CLANG_WARN_DEPRECATED_OBJC_IMPLEMENTATIONS = YES;
				CLANG_WARN_DIRECT_OBJC_ISA_USAGE = YES_ERROR;
				CLANG_WARN_DOCUMENTATION_COMMENTS = YES;
				CLANG_WARN_EMPTY_BODY = YES;
				CLANG_WARN_ENUM_CONVERSION = YES;
				CLANG_WARN_INFINITE_RECURSION = YES;
				CLANG_WARN_INT_CONVERSION = YES;
				CLANG_WARN_NON_LITERAL_NULL_CONVERSION = YES;
				CLANG_WARN_OBJC_IMPLICIT_RETAIN_SELF = YES;
				CLANG_WARN_OBJC_LITERAL_CONVERSION = YES;
				CLANG_WARN_OBJC_ROOT_CLASS = YES_ERROR;
				CLANG_WARN_QUOTED_INCLUDE_IN_FRAMEWORK_HEADER = YES;
				CLANG_WARN_RANGE_LOOP_ANALYSIS = YES;
				CLANG_WARN_STRICT_PROTOTYPES = YES;
				CLANG_WARN_SUSPICIOUS_MOVE = YES;
				CLANG_WARN_UNGUARDED_AVAILABILITY = YES_AGGRESSIVE;
				CLANG_WARN_UNREACHABLE_CODE = YES;
				CLANG_WARN__DUPLICATE_METHOD_MATCH = YES;
				COPY_PHASE_STRIP = NO;
				DEBUG_INFORMATION_FORMAT = dwarf;
				ENABLE_STRICT_OBJC_MSGSEND = YES;
				ENABLE_TESTABILITY = YES;
				ENABLE_USER_SCRIPT_SANDBOXING = YES;
				GCC_C_LANGUAGE_STANDARD = gnu17;
				GCC_DYNAMIC_NO_PIC = NO;
				GCC_NO_COMMON_BLOCKS = YES;
				GCC_OPTIMIZATION_LEVEL = 0;
				GCC_PREPROCESSOR_DEFINITIONS = (
					"DEBUG=1",
					"$(inherited)",
				);
				GCC_WARN_64_TO_32_BIT_CONVERSION = YES;
				GCC_WARN_ABOUT_RETURN_TYPE = YES_ERROR;
				GCC_WARN_UNDECLARED_SELECTOR = YES;
				GCC_WARN_UNINITIALIZED_AUTOS = YES_AGGRESSIVE;
				GCC_WARN_UNUSED_FUNCTION = YES;
				GCC_WARN_UNUSED_VARIABLE = YES;
				LOCALIZATION_PREFERS_STRING_CATALOGS = YES;
				MTL_ENABLE_DEBUG_INFO = INCLUDE_SOURCE;
				MTL_FAST_MATH = YES;
				ONLY_ACTIVE_ARCH = YES;
				SWIFT_ACTIVE_COMPILATION_CONDITIONS = "DEBUG $(inherited)";
				SWIFT_OPTIMIZATION_LEVEL = "-Onone";
			};
			name = Debug;
		};
		C9A098022C09702800CB6713 /* Release */ = {
			isa = XCBuildConfiguration;
			buildSettings = {
				ALWAYS_SEARCH_USER_PATHS = NO;
				ASSETCATALOG_COMPILER_GENERATE_SWIFT_ASSET_SYMBOL_EXTENSIONS = YES;
				CLANG_ANALYZER_NONNULL = YES;
				CLANG_ANALYZER_NUMBER_OBJECT_CONVERSION = YES_AGGRESSIVE;
				CLANG_CXX_LANGUAGE_STANDARD = "gnu++20";
				CLANG_ENABLE_MODULES = YES;
				CLANG_ENABLE_OBJC_ARC = YES;
				CLANG_ENABLE_OBJC_WEAK = YES;
				CLANG_WARN_BLOCK_CAPTURE_AUTORELEASING = YES;
				CLANG_WARN_BOOL_CONVERSION = YES;
				CLANG_WARN_COMMA = YES;
				CLANG_WARN_CONSTANT_CONVERSION = YES;
				CLANG_WARN_DEPRECATED_OBJC_IMPLEMENTATIONS = YES;
				CLANG_WARN_DIRECT_OBJC_ISA_USAGE = YES_ERROR;
				CLANG_WARN_DOCUMENTATION_COMMENTS = YES;
				CLANG_WARN_EMPTY_BODY = YES;
				CLANG_WARN_ENUM_CONVERSION = YES;
				CLANG_WARN_INFINITE_RECURSION = YES;
				CLANG_WARN_INT_CONVERSION = YES;
				CLANG_WARN_NON_LITERAL_NULL_CONVERSION = YES;
				CLANG_WARN_OBJC_IMPLICIT_RETAIN_SELF = YES;
				CLANG_WARN_OBJC_LITERAL_CONVERSION = YES;
				CLANG_WARN_OBJC_ROOT_CLASS = YES_ERROR;
				CLANG_WARN_QUOTED_INCLUDE_IN_FRAMEWORK_HEADER = YES;
				CLANG_WARN_RANGE_LOOP_ANALYSIS = YES;
				CLANG_WARN_STRICT_PROTOTYPES = YES;
				CLANG_WARN_SUSPICIOUS_MOVE = YES;
				CLANG_WARN_UNGUARDED_AVAILABILITY = YES_AGGRESSIVE;
				CLANG_WARN_UNREACHABLE_CODE = YES;
				CLANG_WARN__DUPLICATE_METHOD_MATCH = YES;
				COPY_PHASE_STRIP = NO;
				DEBUG_INFORMATION_FORMAT = "dwarf-with-dsym";
				ENABLE_NS_ASSERTIONS = NO;
				ENABLE_STRICT_OBJC_MSGSEND = YES;
				ENABLE_USER_SCRIPT_SANDBOXING = YES;
				GCC_C_LANGUAGE_STANDARD = gnu17;
				GCC_NO_COMMON_BLOCKS = YES;
				GCC_WARN_64_TO_32_BIT_CONVERSION = YES;
				GCC_WARN_ABOUT_RETURN_TYPE = YES_ERROR;
				GCC_WARN_UNDECLARED_SELECTOR = YES;
				GCC_WARN_UNINITIALIZED_AUTOS = YES_AGGRESSIVE;
				GCC_WARN_UNUSED_FUNCTION = YES;
				GCC_WARN_UNUSED_VARIABLE = YES;
				LOCALIZATION_PREFERS_STRING_CATALOGS = YES;
				MTL_ENABLE_DEBUG_INFO = NO;
				MTL_FAST_MATH = YES;
				SWIFT_COMPILATION_MODE = wholemodule;
			};
			name = Release;
		};
		C9A098042C09702800CB6713 /* Debug */ = {
			isa = XCBuildConfiguration;
			buildSettings = {
				ASSETCATALOG_COMPILER_APPICON_NAME = AppIcon;
				ASSETCATALOG_COMPILER_GLOBAL_ACCENT_COLOR_NAME = AccentColor;
				CODE_SIGN_ENTITLEMENTS = LoadingBlurDemo/LoadingBlurDemo.entitlements;
				CODE_SIGN_STYLE = Automatic;
				CURRENT_PROJECT_VERSION = 1;
				DEVELOPMENT_ASSET_PATHS = "\"LoadingBlurDemo/Preview Content\"";
				DEVELOPMENT_TEAM = LN4JU8GNV7;
				ENABLE_HARDENED_RUNTIME = YES;
				ENABLE_PREVIEWS = YES;
				GENERATE_INFOPLIST_FILE = YES;
				INFOPLIST_FILE = LoadingBlurDemo/Info.plist;
				"INFOPLIST_KEY_UIApplicationSceneManifest_Generation[sdk=iphoneos*]" = YES;
				"INFOPLIST_KEY_UIApplicationSceneManifest_Generation[sdk=iphonesimulator*]" = YES;
				"INFOPLIST_KEY_UIApplicationSupportsIndirectInputEvents[sdk=iphoneos*]" = YES;
				"INFOPLIST_KEY_UIApplicationSupportsIndirectInputEvents[sdk=iphonesimulator*]" = YES;
				"INFOPLIST_KEY_UILaunchScreen_Generation[sdk=iphoneos*]" = YES;
				"INFOPLIST_KEY_UILaunchScreen_Generation[sdk=iphonesimulator*]" = YES;
				"INFOPLIST_KEY_UIStatusBarStyle[sdk=iphoneos*]" = UIStatusBarStyleDefault;
				"INFOPLIST_KEY_UIStatusBarStyle[sdk=iphonesimulator*]" = UIStatusBarStyleDefault;
				INFOPLIST_KEY_UISupportedInterfaceOrientations_iPad = "UIInterfaceOrientationPortrait UIInterfaceOrientationPortraitUpsideDown UIInterfaceOrientationLandscapeLeft UIInterfaceOrientationLandscapeRight";
				INFOPLIST_KEY_UISupportedInterfaceOrientations_iPhone = "UIInterfaceOrientationPortrait UIInterfaceOrientationLandscapeLeft UIInterfaceOrientationLandscapeRight";
				"INFOPLIST_KEY_UISupportsDocumentBrowser[sdk=iphoneos*]" = YES;
				"INFOPLIST_KEY_UISupportsDocumentBrowser[sdk=iphonesimulator*]" = YES;
				IPHONEOS_DEPLOYMENT_TARGET = 17.5;
				LD_RUNPATH_SEARCH_PATHS = "@executable_path/Frameworks";
				"LD_RUNPATH_SEARCH_PATHS[sdk=macosx*]" = "@executable_path/../Frameworks";
				MACOSX_DEPLOYMENT_TARGET = 14.5;
				MARKETING_VERSION = 1.0;
				PRODUCT_BUNDLE_IDENTIFIER = com.BrianMasse.LoadingBlurDemo;
				PRODUCT_NAME = "$(TARGET_NAME)";
				SDKROOT = auto;
				SUPPORTED_PLATFORMS = "iphoneos iphonesimulator macosx";
				SWIFT_EMIT_LOC_STRINGS = YES;
				SWIFT_VERSION = 5.0;
				TARGETED_DEVICE_FAMILY = "1,2";
			};
			name = Debug;
		};
		C9A098052C09702800CB6713 /* Release */ = {
			isa = XCBuildConfiguration;
			buildSettings = {
				ASSETCATALOG_COMPILER_APPICON_NAME = AppIcon;
				ASSETCATALOG_COMPILER_GLOBAL_ACCENT_COLOR_NAME = AccentColor;
				CODE_SIGN_ENTITLEMENTS = LoadingBlurDemo/LoadingBlurDemo.entitlements;
				CODE_SIGN_STYLE = Automatic;
				CURRENT_PROJECT_VERSION = 1;
				DEVELOPMENT_ASSET_PATHS = "\"LoadingBlurDemo/Preview Content\"";
				DEVELOPMENT_TEAM = LN4JU8GNV7;
				ENABLE_HARDENED_RUNTIME = YES;
				ENABLE_PREVIEWS = YES;
				GENERATE_INFOPLIST_FILE = YES;
				INFOPLIST_FILE = LoadingBlurDemo/Info.plist;
				"INFOPLIST_KEY_UIApplicationSceneManifest_Generation[sdk=iphoneos*]" = YES;
				"INFOPLIST_KEY_UIApplicationSceneManifest_Generation[sdk=iphonesimulator*]" = YES;
				"INFOPLIST_KEY_UIApplicationSupportsIndirectInputEvents[sdk=iphoneos*]" = YES;
				"INFOPLIST_KEY_UIApplicationSupportsIndirectInputEvents[sdk=iphonesimulator*]" = YES;
				"INFOPLIST_KEY_UILaunchScreen_Generation[sdk=iphoneos*]" = YES;
				"INFOPLIST_KEY_UILaunchScreen_Generation[sdk=iphonesimulator*]" = YES;
				"INFOPLIST_KEY_UIStatusBarStyle[sdk=iphoneos*]" = UIStatusBarStyleDefault;
				"INFOPLIST_KEY_UIStatusBarStyle[sdk=iphonesimulator*]" = UIStatusBarStyleDefault;
				INFOPLIST_KEY_UISupportedInterfaceOrientations_iPad = "UIInterfaceOrientationPortrait UIInterfaceOrientationPortraitUpsideDown UIInterfaceOrientationLandscapeLeft UIInterfaceOrientationLandscapeRight";
				INFOPLIST_KEY_UISupportedInterfaceOrientations_iPhone = "UIInterfaceOrientationPortrait UIInterfaceOrientationLandscapeLeft UIInterfaceOrientationLandscapeRight";
				"INFOPLIST_KEY_UISupportsDocumentBrowser[sdk=iphoneos*]" = YES;
				"INFOPLIST_KEY_UISupportsDocumentBrowser[sdk=iphonesimulator*]" = YES;
				IPHONEOS_DEPLOYMENT_TARGET = 17.5;
				LD_RUNPATH_SEARCH_PATHS = "@executable_path/Frameworks";
				"LD_RUNPATH_SEARCH_PATHS[sdk=macosx*]" = "@executable_path/../Frameworks";
				MACOSX_DEPLOYMENT_TARGET = 14.5;
				MARKETING_VERSION = 1.0;
				PRODUCT_BUNDLE_IDENTIFIER = com.BrianMasse.LoadingBlurDemo;
				PRODUCT_NAME = "$(TARGET_NAME)";
				SDKROOT = auto;
				SUPPORTED_PLATFORMS = "iphoneos iphonesimulator macosx";
				SWIFT_EMIT_LOC_STRINGS = YES;
				SWIFT_VERSION = 5.0;
				TARGETED_DEVICE_FAMILY = "1,2";
			};
			name = Release;
		};
		C9A098072C09702800CB6713 /* Debug */ = {
			isa = XCBuildConfiguration;
			buildSettings = {
				ALWAYS_EMBED_SWIFT_STANDARD_LIBRARIES = YES;
				BUNDLE_LOADER = "$(TEST_HOST)";
				CODE_SIGN_STYLE = Automatic;
				CURRENT_PROJECT_VERSION = 1;
				DEVELOPMENT_TEAM = LN4JU8GNV7;
				GENERATE_INFOPLIST_FILE = YES;
				IPHONEOS_DEPLOYMENT_TARGET = 17.5;
				MACOSX_DEPLOYMENT_TARGET = 14.5;
				MARKETING_VERSION = 1.0;
				PRODUCT_BUNDLE_IDENTIFIER = com.BrianMasse.LoadingBlurDemoTests;
				PRODUCT_NAME = "$(TARGET_NAME)";
				SDKROOT = auto;
				SUPPORTED_PLATFORMS = "iphoneos iphonesimulator macosx";
				SWIFT_EMIT_LOC_STRINGS = NO;
				SWIFT_VERSION = 5.0;
				TARGETED_DEVICE_FAMILY = "1,2";
				TEST_HOST = "$(BUILT_PRODUCTS_DIR)/LoadingBlurDemo.app/$(BUNDLE_EXECUTABLE_FOLDER_PATH)/LoadingBlurDemo";
			};
			name = Debug;
		};
		C9A098082C09702800CB6713 /* Release */ = {
			isa = XCBuildConfiguration;
			buildSettings = {
				ALWAYS_EMBED_SWIFT_STANDARD_LIBRARIES = YES;
				BUNDLE_LOADER = "$(TEST_HOST)";
				CODE_SIGN_STYLE = Automatic;
				CURRENT_PROJECT_VERSION = 1;
				DEVELOPMENT_TEAM = LN4JU8GNV7;
				GENERATE_INFOPLIST_FILE = YES;
				IPHONEOS_DEPLOYMENT_TARGET = 17.5;
				MACOSX_DEPLOYMENT_TARGET = 14.5;
				MARKETING_VERSION = 1.0;
				PRODUCT_BUNDLE_IDENTIFIER = com.BrianMasse.LoadingBlurDemoTests;
				PRODUCT_NAME = "$(TARGET_NAME)";
				SDKROOT = auto;
				SUPPORTED_PLATFORMS = "iphoneos iphonesimulator macosx";
				SWIFT_EMIT_LOC_STRINGS = NO;
				SWIFT_VERSION = 5.0;
				TARGETED_DEVICE_FAMILY = "1,2";
				TEST_HOST = "$(BUILT_PRODUCTS_DIR)/LoadingBlurDemo.app/$(BUNDLE_EXECUTABLE_FOLDER_PATH)/LoadingBlurDemo";
			};
			name = Release;
		};
		C9A0980A2C09702800CB6713 /* Debug */ = {
			isa = XCBuildConfiguration;
			buildSettings = {
				ALWAYS_EMBED_SWIFT_STANDARD_LIBRARIES = YES;
				CODE_SIGN_STYLE = Automatic;
				CURRENT_PROJECT_VERSION = 1;
				DEVELOPMENT_TEAM = LN4JU8GNV7;
				GENERATE_INFOPLIST_FILE = YES;
				IPHONEOS_DEPLOYMENT_TARGET = 17.5;
				MACOSX_DEPLOYMENT_TARGET = 14.5;
				MARKETING_VERSION = 1.0;
				PRODUCT_BUNDLE_IDENTIFIER = com.BrianMasse.LoadingBlurDemoUITests;
				PRODUCT_NAME = "$(TARGET_NAME)";
				SDKROOT = auto;
				SUPPORTED_PLATFORMS = "iphoneos iphonesimulator macosx";
				SWIFT_EMIT_LOC_STRINGS = NO;
				SWIFT_VERSION = 5.0;
				TARGETED_DEVICE_FAMILY = "1,2";
				TEST_TARGET_NAME = LoadingBlurDemo;
			};
			name = Debug;
		};
		C9A0980B2C09702800CB6713 /* Release */ = {
			isa = XCBuildConfiguration;
			buildSettings = {
				ALWAYS_EMBED_SWIFT_STANDARD_LIBRARIES = YES;
				CODE_SIGN_STYLE = Automatic;
				CURRENT_PROJECT_VERSION = 1;
				DEVELOPMENT_TEAM = LN4JU8GNV7;
				GENERATE_INFOPLIST_FILE = YES;
				IPHONEOS_DEPLOYMENT_TARGET = 17.5;
				MACOSX_DEPLOYMENT_TARGET = 14.5;
				MARKETING_VERSION = 1.0;
				PRODUCT_BUNDLE_IDENTIFIER = com.BrianMasse.LoadingBlurDemoUITests;
				PRODUCT_NAME = "$(TARGET_NAME)";
				SDKROOT = auto;
				SUPPORTED_PLATFORMS = "iphoneos iphonesimulator macosx";
				SWIFT_EMIT_LOC_STRINGS = NO;
				SWIFT_VERSION = 5.0;
				TARGETED_DEVICE_FAMILY = "1,2";
				TEST_TARGET_NAME = LoadingBlurDemo;
			};
			name = Release;
		};
/* End XCBuildConfiguration section */

/* Begin XCConfigurationList section */
		C9A097D62C09702700CB6713 /* Build configuration list for PBXProject "LoadingBlurDemo" */ = {
			isa = XCConfigurationList;
			buildConfigurations = (
				C9A098012C09702800CB6713 /* Debug */,
				C9A098022C09702800CB6713 /* Release */,
			);
			defaultConfigurationIsVisible = 0;
			defaultConfigurationName = Release;
		};
		C9A098032C09702800CB6713 /* Build configuration list for PBXNativeTarget "LoadingBlurDemo" */ = {
			isa = XCConfigurationList;
			buildConfigurations = (
				C9A098042C09702800CB6713 /* Debug */,
				C9A098052C09702800CB6713 /* Release */,
			);
			defaultConfigurationIsVisible = 0;
			defaultConfigurationName = Release;
		};
		C9A098062C09702800CB6713 /* Build configuration list for PBXNativeTarget "LoadingBlurDemoTests" */ = {
			isa = XCConfigurationList;
			buildConfigurations = (
				C9A098072C09702800CB6713 /* Debug */,
				C9A098082C09702800CB6713 /* Release */,
			);
			defaultConfigurationIsVisible = 0;
			defaultConfigurationName = Release;
		};
		C9A098092C09702800CB6713 /* Build configuration list for PBXNativeTarget "LoadingBlurDemoUITests" */ = {
			isa = XCConfigurationList;
			buildConfigurations = (
				C9A0980A2C09702800CB6713 /* Debug */,
				C9A0980B2C09702800CB6713 /* Release */,
			);
			defaultConfigurationIsVisible = 0;
			defaultConfigurationName = Release;
		};
/* End XCConfigurationList section */
	};
	rootObject = C9A097D32C09702700CB6713 /* Project object */;
}
